
Microsoft Visual Studio Solution File, Format Version 12.00
# Visual Studio Version 17
VisualStudioVersion = 17.8.34330.188
MinimumVisualStudioVersion = 10.0.40219.1
Project("{FAE04EC0-301F-11D3-BF4B-00C04F79EFBC}") = "ZooProject", "ZooProject.csproj", "{7FF28480-2D81-4D79-ABC3-395DE7F9B220}"
EndProject
Global
	GlobalSection(SolutionConfigurationPlatforms) = preSolution
		Debug|Any CPU = Debug|Any CPU
		Release|Any CPU = Release|Any CPU
	EndGlobalSection
	GlobalSection(ProjectConfigurationPlatforms) = postSolution
		{7FF28480-2D81-4D79-ABC3-395DE7F9B220}.Debug|Any CPU.ActiveCfg = Debug|Any CPU
		{7FF28480-2D81-4D79-ABC3-395DE7F9B220}.Debug|Any CPU.Build.0 = Debug|Any CPU
		{7FF28480-2D81-4D79-ABC3-395DE7F9B220}.Release|Any CPU.ActiveCfg = Release|Any CPU
		{7FF28480-2D81-4D79-ABC3-395DE7F9B220}.Release|Any CPU.Build.0 = Release|Any CPU
	EndGlobalSection
	GlobalSection(SolutionProperties) = preSolution
		HideSolutionNode = FALSE
	EndGlobalSection
	GlobalSection(ExtensibilityGlobals) = postSolution
		SolutionGuid = {B03CA44E-F640-4926-8AE9-70C5608BD042}
	EndGlobalSection
EndGlobal
